
Microsoft Visual Studio Solution File, Format Version 12.00
# Visual Studio Version 17
VisualStudioVersion = 17.4.33122.133
MinimumVisualStudioVersion = 10.0.40219.1
Project("{FAE04EC0-301F-11D3-BF4B-00C04F79EFBC}") = "A Simple-Calculator", "A Simple-Calculator\A Simple-Calculator.csproj", "{D1E6F50D-C0FC-4F3E-AFD9-1CDB57C81D7B}"
EndProject
Global
	GlobalSection(SolutionConfigurationPlatforms) = preSolution
		Debug|Any CPU = Debug|Any CPU
		Release|Any CPU = Release|Any CPU
	EndGlobalSection
	GlobalSection(ProjectConfigurationPlatforms) = postSolution
		{D1E6F50D-C0FC-4F3E-AFD9-1CDB57C81D7B}.Debug|Any CPU.ActiveCfg = Debug|Any CPU
		{D1E6F50D-C0FC-4F3E-AFD9-1CDB57C81D7B}.Debug|Any CPU.Build.0 = Debug|Any CPU
		{D1E6F50D-C0FC-4F3E-AFD9-1CDB57C81D7B}.Release|Any CPU.ActiveCfg = Release|Any CPU
		{D1E6F50D-C0FC-4F3E-AFD9-1CDB57C81D7B}.Release|Any CPU.Build.0 = Release|Any CPU
	EndGlobalSection
	GlobalSection(SolutionProperties) = preSolution
		HideSolutionNode = FALSE
	EndGlobalSection
	GlobalSection(ExtensibilityGlobals) = postSolution
		SolutionGuid = {28C825D3-6877-49B0-8C8E-A04B2046CFCA}
	EndGlobalSection
EndGlobal
